PODS:
  - Flutter (1.0.0)
  - hyperpay_sdk (7.8.1):
    - Flutter
    - hyperpay_sdk_ios (= 7.8.1)
  - hyperpay_sdk_ios (7.8.1)
  - shared_preferences_foundation (0.0.1):
    - Flutter
    - FlutterMacOS

DEPENDENCIES:
  - Flutter (from `Flutter`)
  - hyperpay_sdk (from `.symlinks/plugins/hyperpay_sdk/ios`)
  - hyperpay_sdk_ios (from `https://github.com/hrvojecukman/hyperpay_sdk_ios.git`, tag `7.8.1`)
  - shared_preferences_foundation (from `.symlinks/plugins/shared_preferences_foundation/darwin`)

EXTERNAL SOURCES:
  Flutter:
    :path: Flutter
  hyperpay_sdk:
    :path: ".symlinks/plugins/hyperpay_sdk/ios"
  hyperpay_sdk_ios:
    :git: https://github.com/hrvojecukman/hyperpay_sdk_ios.git
    :tag: 7.8.1
  shared_preferences_foundation:
    :path: ".symlinks/plugins/shared_preferences_foundation/darwin"

CHECKOUT OPTIONS:
  hyperpay_sdk_ios:
    :git: https://github.com/hrvojecukman/hyperpay_sdk_ios.git
    :tag: 7.8.1

SPEC CHECKSUMS:
  Flutter: cabc95a1d2626b1b06e7179b784ebcf0c0cde467
  hyperpay_sdk: 353cc4558e3ed5c7c1f79cfd72cdff433b79181b
  hyperpay_sdk_ios: 7c536cb784b03407edfa2493981bb2db1817e93e
  shared_preferences_foundation: 7036424c3d8ec98dfe75ff1667cb0cd531ec82bb

PODFILE CHECKSUM: b549562b576d0f348460ff8c9ed66e927d5e0af4

COCOAPODS: 1.16.2
